
Microsoft Visual Studio Solution File, Format Version 12.00
# Visual Studio Version 17
VisualStudioVersion = 17.3.32811.315
MinimumVisualStudioVersion = 10.0.40219.1
Project("{FAE04EC0-301F-11D3-BF4B-00C04F79EFBC}") = "crudCJ301116X", "crudCJ301116X\crudCJ301116X.csproj", "{B41B99E9-B6EE-489F-AFC3-51BFE7E7094B}"
EndProject
Global
	GlobalSection(SolutionConfigurationPlatforms) = preSolution
		Debug|Any CPU = Debug|Any CPU
		Release|Any CPU = Release|Any CPU
	EndGlobalSection
	GlobalSection(ProjectConfigurationPlatforms) = postSolution
		{B41B99E9-B6EE-489F-AFC3-51BFE7E7094B}.Debug|Any CPU.ActiveCfg = Debug|Any CPU
		{B41B99E9-B6EE-489F-AFC3-51BFE7E7094B}.Debug|Any CPU.Build.0 = Debug|Any CPU
		{B41B99E9-B6EE-489F-AFC3-51BFE7E7094B}.Release|Any CPU.ActiveCfg = Release|Any CPU
		{B41B99E9-B6EE-489F-AFC3-51BFE7E7094B}.Release|Any CPU.Build.0 = Release|Any CPU
	EndGlobalSection
	GlobalSection(SolutionProperties) = preSolution
		HideSolutionNode = FALSE
	EndGlobalSection
	GlobalSection(ExtensibilityGlobals) = postSolution
		SolutionGuid = {79469196-AA7D-4BCC-8CE7-689374DFA19C}
	EndGlobalSection
EndGlobal
